
Microsoft Visual Studio Solution File, Format Version 12.00
# Visual Studio Version 16
VisualStudioVersion = 16.0.32602.291
MinimumVisualStudioVersion = 10.0.40219.1
Project("{FAE04EC0-301F-11D3-BF4B-00C04F79EFBC}") = "1_Presentation", "LayeredSolution\1_Presentation.csproj", "{59869432-DED8-4B92-AD86-7B0193944A93}"
EndProject
Project("{FAE04EC0-301F-11D3-BF4B-00C04F79EFBC}") = "2_BusinessLayer", "2_BusinessLayer2\2_BusinessLayer.csproj", "{2F9CEC23-DE82-4836-B7CD-B5F955C96651}"
EndProject
Project("{FAE04EC0-301F-11D3-BF4B-00C04F79EFBC}") = "4_BusinessObjectModel", "4_BusinessObjectModel2\4_BusinessObjectModel.csproj", "{3D90909F-0B1C-4695-B224-0EC416EC6451}"
EndProject
Project("{FAE04EC0-301F-11D3-BF4B-00C04F79EFBC}") = "3_DataAccess", "3_DataAccess2\3_DataAccess.csproj", "{E74D3297-8216-4DCF-BCED-BEC128640EE2}"
EndProject
Global
	GlobalSection(SolutionConfigurationPlatforms) = preSolution
		Debug|Any CPU = Debug|Any CPU
		Release|Any CPU = Release|Any CPU
	EndGlobalSection
	GlobalSection(ProjectConfigurationPlatforms) = postSolution
		{59869432-DED8-4B92-AD86-7B0193944A93}.Debug|Any CPU.ActiveCfg = Debug|Any CPU
		{59869432-DED8-4B92-AD86-7B0193944A93}.Debug|Any CPU.Build.0 = Debug|Any CPU
		{59869432-DED8-4B92-AD86-7B0193944A93}.Release|Any CPU.ActiveCfg = Release|Any CPU
		{59869432-DED8-4B92-AD86-7B0193944A93}.Release|Any CPU.Build.0 = Release|Any CPU
		{2F9CEC23-DE82-4836-B7CD-B5F955C96651}.Debug|Any CPU.ActiveCfg = Debug|Any CPU
		{2F9CEC23-DE82-4836-B7CD-B5F955C96651}.Debug|Any CPU.Build.0 = Debug|Any CPU
		{2F9CEC23-DE82-4836-B7CD-B5F955C96651}.Release|Any CPU.ActiveCfg = Release|Any CPU
		{2F9CEC23-DE82-4836-B7CD-B5F955C96651}.Release|Any CPU.Build.0 = Release|Any CPU
		{3D90909F-0B1C-4695-B224-0EC416EC6451}.Debug|Any CPU.ActiveCfg = Debug|Any CPU
		{3D90909F-0B1C-4695-B224-0EC416EC6451}.Debug|Any CPU.Build.0 = Debug|Any CPU
		{3D90909F-0B1C-4695-B224-0EC416EC6451}.Release|Any CPU.ActiveCfg = Release|Any CPU
		{3D90909F-0B1C-4695-B224-0EC416EC6451}.Release|Any CPU.Build.0 = Release|Any CPU
		{E74D3297-8216-4DCF-BCED-BEC128640EE2}.Debug|Any CPU.ActiveCfg = Debug|Any CPU
		{E74D3297-8216-4DCF-BCED-BEC128640EE2}.Debug|Any CPU.Build.0 = Debug|Any CPU
		{E74D3297-8216-4DCF-BCED-BEC128640EE2}.Release|Any CPU.ActiveCfg = Release|Any CPU
		{E74D3297-8216-4DCF-BCED-BEC128640EE2}.Release|Any CPU.Build.0 = Release|Any CPU
	EndGlobalSection
	GlobalSection(SolutionProperties) = preSolution
		HideSolutionNode = FALSE
	EndGlobalSection
	GlobalSection(ExtensibilityGlobals) = postSolution
		SolutionGuid = {D389218F-03FE-407D-A20E-794DD29F2077}
	EndGlobalSection
EndGlobal
